// !$*UTF8*$!
{
	archiveVersion = 1;
	classes = {
	};
	objectVersion = 46;
	objects = {

/* Begin PBXBuildFile section */
		C90FEBFA16BACABB00119BC2 /* NEHURLProtocol.m in Sources */ = {isa = PBXBuildFile; fileRef = C90FEBF916BACABB00119BC2 /* NEHURLProtocol.m */; };
		C934988816BB71CF004A8C62 /* NEHModule.m in Sources */ = {isa = PBXBuildFile; fileRef = C934988716BB71CF004A8C62 /* NEHModule.m */; };
		C934988B16BB71FC004A8C62 /* NEHArgument.m in Sources */ = {isa = PBXBuildFile; fileRef = C934988A16BB71FC004A8C62 /* NEHArgument.m */; };
		C934988E16BB7210004A8C62 /* NEHResult.m in Sources */ = {isa = PBXBuildFile; fileRef = C934988D16BB7210004A8C62 /* NEHResult.m */; };
		C934989116BBA64E004A8C62 /* NEHCommand.m in Sources */ = {isa = PBXBuildFile; fileRef = C934989016BBA64E004A8C62 /* NEHCommand.m */; };
		C9CDCE2C16BA531200E17B23 /* UIKit.framework in Frameworks */ = {isa = PBXBuildFile; fileRef = C9CDCE2B16BA531200E17B23 /* UIKit.framework */; };
		C9CDCE2E16BA531200E17B23 /* Foundation.framework in Frameworks */ = {isa = PBXBuildFile; fileRef = C9CDCE2D16BA531200E17B23 /* Foundation.framework */; };
		C9CDCE3016BA531200E17B23 /* CoreGraphics.framework in Frameworks */ = {isa = PBXBuildFile; fileRef = C9CDCE2F16BA531200E17B23 /* CoreGraphics.framework */; };
		C9CDCE3616BA531200E17B23 /* InfoPlist.strings in Resources */ = {isa = PBXBuildFile; fileRef = C9CDCE3416BA531200E17B23 /* InfoPlist.strings */; };
		C9CDCE3816BA531200E17B23 /* main.m in Sources */ = {isa = PBXBuildFile; fileRef = C9CDCE3716BA531200E17B23 /* main.m */; };
		C9CDCE3C16BA531200E17B23 /* AppDelegate.m in Sources */ = {isa = PBXBuildFile; fileRef = C9CDCE3B16BA531200E17B23 /* AppDelegate.m */; };
		C9CDCE3E16BA531200E17B23 /* Default.png in Resources */ = {isa = PBXBuildFile; fileRef = C9CDCE3D16BA531200E17B23 /* Default.png */; };
		C9CDCE4016BA531200E17B23 /* Default@2x.png in Resources */ = {isa = PBXBuildFile; fileRef = C9CDCE3F16BA531200E17B23 /* Default@2x.png */; };
		C9CDCE4216BA531200E17B23 /* Default-568h@2x.png in Resources */ = {isa = PBXBuildFile; fileRef = C9CDCE4116BA531200E17B23 /* Default-568h@2x.png */; };
		C9CDCE4516BA531200E17B23 /* ViewController.m in Sources */ = {isa = PBXBuildFile; fileRef = C9CDCE4416BA531200E17B23 /* ViewController.m */; };
		C9CDCE4816BA531200E17B23 /* ViewController_iPhone.xib in Resources */ = {isa = PBXBuildFile; fileRef = C9CDCE4616BA531200E17B23 /* ViewController_iPhone.xib */; };
		C9CDCE4B16BA531200E17B23 /* ViewController_iPad.xib in Resources */ = {isa = PBXBuildFile; fileRef = C9CDCE4916BA531200E17B23 /* ViewController_iPad.xib */; };
		C9CDCE5716BA53A000E17B23 /* NEHUIWebView.m in Sources */ = {isa = PBXBuildFile; fileRef = C9CDCE5616BA53A000E17B23 /* NEHUIWebView.m */; };
		C9CDCE5E16BA544400E17B23 /* www in Resources */ = {isa = PBXBuildFile; fileRef = C9CDCE5D16BA544400E17B23 /* www */; };
/* End PBXBuildFile section */

/* Begin PBXFileReference section */
		C90FEBF816BACABB00119BC2 /* NEHURLProtocol.h */ = {isa = PBXFileReference; fileEncoding = 4; lastKnownFileType = sourcecode.c.h; name = NEHURLProtocol.h; path = Classes/Bridge/NEHURLProtocol.h; sourceTree = "<group>"; };
		C90FEBF916BACABB00119BC2 /* NEHURLProtocol.m */ = {isa = PBXFileReference; fileEncoding = 4; lastKnownFileType = sourcecode.c.objc; name = NEHURLProtocol.m; path = Classes/Bridge/NEHURLProtocol.m; sourceTree = "<group>"; };
		C934988616BB71CF004A8C62 /* NEHModule.h */ = {isa = PBXFileReference; fileEncoding = 4; lastKnownFileType = sourcecode.c.h; name = NEHModule.h; path = Classes/Modules/NEHModule.h; sourceTree = "<group>"; };
		C934988716BB71CF004A8C62 /* NEHModule.m */ = {isa = PBXFileReference; fileEncoding = 4; lastKnownFileType = sourcecode.c.objc; name = NEHModule.m; path = Classes/Modules/NEHModule.m; sourceTree = "<group>"; };
		C934988916BB71FB004A8C62 /* NEHArgument.h */ = {isa = PBXFileReference; fileEncoding = 4; lastKnownFileType = sourcecode.c.h; name = NEHArgument.h; path = Classes/Modules/NEHArgument.h; sourceTree = "<group>"; };
		C934988A16BB71FC004A8C62 /* NEHArgument.m */ = {isa = PBXFileReference; fileEncoding = 4; lastKnownFileType = sourcecode.c.objc; name = NEHArgument.m; path = Classes/Modules/NEHArgument.m; sourceTree = "<group>"; };
		C934988C16BB720F004A8C62 /* NEHResult.h */ = {isa = PBXFileReference; fileEncoding = 4; lastKnownFileType = sourcecode.c.h; name = NEHResult.h; path = Classes/Modules/NEHResult.h; sourceTree = "<group>"; };
		C934988D16BB7210004A8C62 /* NEHResult.m */ = {isa = PBXFileReference; fileEncoding = 4; lastKnownFileType = sourcecode.c.objc; name = NEHResult.m; path = Classes/Modules/NEHResult.m; sourceTree = "<group>"; };
		C934988F16BBA64E004A8C62 /* NEHCommand.h */ = {isa = PBXFileReference; fileEncoding = 4; lastKnownFileType = sourcecode.c.h; name = NEHCommand.h; path = Classes/Bridge/NEHCommand.h; sourceTree = "<group>"; };
		C934989016BBA64E004A8C62 /* NEHCommand.m */ = {isa = PBXFileReference; fileEncoding = 4; lastKnownFileType = sourcecode.c.objc; name = NEHCommand.m; path = Classes/Bridge/NEHCommand.m; sourceTree = "<group>"; };
		C9CDCE2816BA531200E17B23 /* iphone.app */ = {isa = PBXFileReference; explicitFileType = wrapper.application; includeInIndex = 0; path = iphone.app; sourceTree = BUILT_PRODUCTS_DIR; };
		C9CDCE2B16BA531200E17B23 /* UIKit.framework */ = {isa = PBXFileReference; lastKnownFileType = wrapper.framework; name = UIKit.framework; path = System/Library/Frameworks/UIKit.framework; sourceTree = SDKROOT; };
		C9CDCE2D16BA531200E17B23 /* Foundation.framework */ = {isa = PBXFileReference; lastKnownFileType = wrapper.framework; name = Foundation.framework; path = System/Library/Frameworks/Foundation.framework; sourceTree = SDKROOT; };
		C9CDCE2F16BA531200E17B23 /* CoreGraphics.framework */ = {isa = PBXFileReference; lastKnownFileType = wrapper.framework; name = CoreGraphics.framework; path = System/Library/Frameworks/CoreGraphics.framework; sourceTree = SDKROOT; };
		C9CDCE3316BA531200E17B23 /* iphone-Info.plist */ = {isa = PBXFileReference; lastKnownFileType = text.plist.xml; path = "iphone-Info.plist"; sourceTree = "<group>"; };
		C9CDCE3516BA531200E17B23 /* en */ = {isa = PBXFileReference; lastKnownFileType = text.plist.strings; name = en; path = en.lproj/InfoPlist.strings; sourceTree = "<group>"; };
		C9CDCE3716BA531200E17B23 /* main.m */ = {isa = PBXFileReference; lastKnownFileType = sourcecode.c.objc; path = main.m; sourceTree = "<group>"; };
		C9CDCE3916BA531200E17B23 /* iphone-Prefix.pch */ = {isa = PBXFileReference; lastKnownFileType = sourcecode.c.h; path = "iphone-Prefix.pch"; sourceTree = "<group>"; };
		C9CDCE3A16BA531200E17B23 /* AppDelegate.h */ = {isa = PBXFileReference; lastKnownFileType = sourcecode.c.h; path = AppDelegate.h; sourceTree = "<group>"; };
		C9CDCE3B16BA531200E17B23 /* AppDelegate.m */ = {isa = PBXFileReference; lastKnownFileType = sourcecode.c.objc; path = AppDelegate.m; sourceTree = "<group>"; };
		C9CDCE3D16BA531200E17B23 /* Default.png */ = {isa = PBXFileReference; lastKnownFileType = image.png; path = Default.png; sourceTree = "<group>"; };
		C9CDCE3F16BA531200E17B23 /* Default@2x.png */ = {isa = PBXFileReference; lastKnownFileType = image.png; path = "Default@2x.png"; sourceTree = "<group>"; };
		C9CDCE4116BA531200E17B23 /* Default-568h@2x.png */ = {isa = PBXFileReference; lastKnownFileType = image.png; path = "Default-568h@2x.png"; sourceTree = "<group>"; };
		C9CDCE4316BA531200E17B23 /* ViewController.h */ = {isa = PBXFileReference; lastKnownFileType = sourcecode.c.h; path = ViewController.h; sourceTree = "<group>"; };
		C9CDCE4416BA531200E17B23 /* ViewController.m */ = {isa = PBXFileReference; lastKnownFileType = sourcecode.c.objc; path = ViewController.m; sourceTree = "<group>"; };
		C9CDCE4716BA531200E17B23 /* en */ = {isa = PBXFileReference; lastKnownFileType = file.xib; name = en; path = en.lproj/ViewController_iPhone.xib; sourceTree = "<group>"; };
		C9CDCE4A16BA531200E17B23 /* en */ = {isa = PBXFileReference; lastKnownFileType = file.xib; name = en; path = en.lproj/ViewController_iPad.xib; sourceTree = "<group>"; };
		C9CDCE5516BA53A000E17B23 /* NEHUIWebView.h */ = {isa = PBXFileReference; fileEncoding = 4; lastKnownFileType = sourcecode.c.h; name = NEHUIWebView.h; path = Classes/Bridge/NEHUIWebView.h; sourceTree = "<group>"; };
		C9CDCE5616BA53A000E17B23 /* NEHUIWebView.m */ = {isa = PBXFileReference; fileEncoding = 4; lastKnownFileType = sourcecode.c.objc; name = NEHUIWebView.m; path = Classes/Bridge/NEHUIWebView.m; sourceTree = "<group>"; };
		C9CDCE5D16BA544400E17B23 /* www */ = {isa = PBXFileReference; lastKnownFileType = folder; path = www; sourceTree = "<group>"; };
/* End PBXFileReference section */

/* Begin PBXFrameworksBuildPhase section */
		C9CDCE2516BA531200E17B23 /* Frameworks */ = {
			isa = PBXFrameworksBuildPhase;
			buildActionMask = 2147483647;
			files = (
				C9CDCE2C16BA531200E17B23 /* UIKit.framework in Frameworks */,
				C9CDCE2E16BA531200E17B23 /* Foundation.framework in Frameworks */,
				C9CDCE3016BA531200E17B23 /* CoreGraphics.framework in Frameworks */,
			);
			runOnlyForDeploymentPostprocessing = 0;
		};
/* End PBXFrameworksBuildPhase section */

/* Begin PBXGroup section */
		C9CDCE1F16BA531200E17B23 = {
			isa = PBXGroup;
			children = (
				C9CDCE5D16BA544400E17B23 /* www */,
				C9CDCE5116BA531F00E17B23 /* Classes */,
				C9CDCE3116BA531200E17B23 /* iphone */,
				C9CDCE2A16BA531200E17B23 /* Frameworks */,
				C9CDCE2916BA531200E17B23 /* Products */,
			);
			sourceTree = "<group>";
		};
		C9CDCE2916BA531200E17B23 /* Products */ = {
			isa = PBXGroup;
			children = (
				C9CDCE2816BA531200E17B23 /* iphone.app */,
			);
			name = Products;
			sourceTree = "<group>";
		};
		C9CDCE2A16BA531200E17B23 /* Frameworks */ = {
			isa = PBXGroup;
			children = (
				C9CDCE2B16BA531200E17B23 /* UIKit.framework */,
				C9CDCE2D16BA531200E17B23 /* Foundation.framework */,
				C9CDCE2F16BA531200E17B23 /* CoreGraphics.framework */,
			);
			name = Frameworks;
			sourceTree = "<group>";
		};
		C9CDCE3116BA531200E17B23 /* iphone */ = {
			isa = PBXGroup;
			children = (
				C9CDCE3A16BA531200E17B23 /* AppDelegate.h */,
				C9CDCE3B16BA531200E17B23 /* AppDelegate.m */,
				C9CDCE4316BA531200E17B23 /* ViewController.h */,
				C9CDCE4416BA531200E17B23 /* ViewController.m */,
				C9CDCE4616BA531200E17B23 /* ViewController_iPhone.xib */,
				C9CDCE4916BA531200E17B23 /* ViewController_iPad.xib */,
				C9CDCE3216BA531200E17B23 /* Supporting Files */,
			);
			path = iphone;
			sourceTree = "<group>";
		};
		C9CDCE3216BA531200E17B23 /* Supporting Files */ = {
			isa = PBXGroup;
			children = (
				C9CDCE3316BA531200E17B23 /* iphone-Info.plist */,
				C9CDCE3416BA531200E17B23 /* InfoPlist.strings */,
				C9CDCE3716BA531200E17B23 /* main.m */,
				C9CDCE3916BA531200E17B23 /* iphone-Prefix.pch */,
				C9CDCE3D16BA531200E17B23 /* Default.png */,
				C9CDCE3F16BA531200E17B23 /* Default@2x.png */,
				C9CDCE4116BA531200E17B23 /* Default-568h@2x.png */,
			);
			name = "Supporting Files";
			sourceTree = "<group>";
		};
		C9CDCE5116BA531F00E17B23 /* Classes */ = {
			isa = PBXGroup;
			children = (
				C9CDCE5416BA534B00E17B23 /* Bridge */,
				C9CDCE5316BA533D00E17B23 /* Modules */,
				C9CDCE5216BA533000E17B23 /* Thirdparty */,
			);
			name = Classes;
			sourceTree = "<group>";
		};
		C9CDCE5216BA533000E17B23 /* Thirdparty */ = {
			isa = PBXGroup;
			children = (
			);
			name = Thirdparty;
			sourceTree = "<group>";
		};
		C9CDCE5316BA533D00E17B23 /* Modules */ = {
			isa = PBXGroup;
			children = (
				C934988616BB71CF004A8C62 /* NEHModule.h */,
				C934988716BB71CF004A8C62 /* NEHModule.m */,
				C934988916BB71FB004A8C62 /* NEHArgument.h */,
				C934988A16BB71FC004A8C62 /* NEHArgument.m */,
				C934988C16BB720F004A8C62 /* NEHResult.h */,
				C934988D16BB7210004A8C62 /* NEHResult.m */,
			);
			name = Modules;
			sourceTree = "<group>";
		};
		C9CDCE5416BA534B00E17B23 /* Bridge */ = {
			isa = PBXGroup;
			children = (
				C9CDCE5516BA53A000E17B23 /* NEHUIWebView.h */,
				C9CDCE5616BA53A000E17B23 /* NEHUIWebView.m */,
				C90FEBF816BACABB00119BC2 /* NEHURLProtocol.h */,
				C90FEBF916BACABB00119BC2 /* NEHURLProtocol.m */,
				C934988F16BBA64E004A8C62 /* NEHCommand.h */,
				C934989016BBA64E004A8C62 /* NEHCommand.m */,
			);
			name = Bridge;
			sourceTree = "<group>";
		};
/* End PBXGroup section */

/* Begin PBXNativeTarget section */
		C9CDCE2716BA531200E17B23 /* iphone */ = {
			isa = PBXNativeTarget;
			buildConfigurationList = C9CDCE4E16BA531200E17B23 /* Build configuration list for PBXNativeTarget "iphone" */;
			buildPhases = (
				C9CDCE2416BA531200E17B23 /* Sources */,
				C9CDCE2516BA531200E17B23 /* Frameworks */,
				C9CDCE2616BA531200E17B23 /* Resources */,
			);
			buildRules = (
			);
			dependencies = (
			);
			name = iphone;
			productName = iphone;
			productReference = C9CDCE2816BA531200E17B23 /* iphone.app */;
			productType = "com.apple.product-type.application";
		};
/* End PBXNativeTarget section */

/* Begin PBXProject section */
		C9CDCE2016BA531200E17B23 /* Project object */ = {
			isa = PBXProject;
			attributes = {
				LastUpgradeCheck = 0460;
				ORGANIZATIONNAME = hxl;
			};
			buildConfigurationList = C9CDCE2316BA531200E17B23 /* Build configuration list for PBXProject "iphone" */;
			compatibilityVersion = "Xcode 3.2";
			developmentRegion = English;
			hasScannedForEncodings = 0;
			knownRegions = (
				en,
			);
			mainGroup = C9CDCE1F16BA531200E17B23;
			productRefGroup = C9CDCE2916BA531200E17B23 /* Products */;
			projectDirPath = "";
			projectRoot = "";
			targets = (
				C9CDCE2716BA531200E17B23 /* iphone */,
			);
		};
/* End PBXProject section */

/* Begin PBXResourcesBuildPhase section */
		C9CDCE2616BA531200E17B23 /* Resources */ = {
			isa = PBXResourcesBuildPhase;
			buildActionMask = 2147483647;
			files = (
				C9CDCE3616BA531200E17B23 /* InfoPlist.strings in Resources */,
				C9CDCE3E16BA531200E17B23 /* Default.png in Resources */,
				C9CDCE4016BA531200E17B23 /* Default@2x.png in Resources */,
				C9CDCE4216BA531200E17B23 /* Default-568h@2x.png in Resources */,
				C9CDCE4816BA531200E17B23 /* ViewController_iPhone.xib in Resources */,
				C9CDCE4B16BA531200E17B23 /* ViewController_iPad.xib in Resources */,
				C9CDCE5E16BA544400E17B23 /* www in Resources */,
			);
			runOnlyForDeploymentPostprocessing = 0;
		};
/* End PBXResourcesBuildPhase section */

/* Begin PBXSourcesBuildPhase section */
		C9CDCE2416BA531200E17B23 /* Sources */ = {
			isa = PBXSourcesBuildPhase;
			buildActionMask = 2147483647;
			files = (
				C9CDCE3816BA531200E17B23 /* main.m in Sources */,
				C9CDCE3C16BA531200E17B23 /* AppDelegate.m in Sources */,
				C9CDCE4516BA531200E17B23 /* ViewController.m in Sources */,
				C9CDCE5716BA53A000E17B23 /* NEHUIWebView.m in Sources */,
				C90FEBFA16BACABB00119BC2 /* NEHURLProtocol.m in Sources */,
				C934988816BB71CF004A8C62 /* NEHModule.m in Sources */,
				C934988B16BB71FC004A8C62 /* NEHArgument.m in Sources */,
				C934988E16BB7210004A8C62 /* NEHResult.m in Sources */,
				C934989116BBA64E004A8C62 /* NEHCommand.m in Sources */,
			);
			runOnlyForDeploymentPostprocessing = 0;
		};
/* End PBXSourcesBuildPhase section */

/* Begin PBXVariantGroup section */
		C9CDCE3416BA531200E17B23 /* InfoPlist.strings */ = {
			isa = PBXVariantGroup;
			children = (
				C9CDCE3516BA531200E17B23 /* en */,
			);
			name = InfoPlist.strings;
			sourceTree = "<group>";
		};
		C9CDCE4616BA531200E17B23 /* ViewController_iPhone.xib */ = {
			isa = PBXVariantGroup;
			children = (
				C9CDCE4716BA531200E17B23 /* en */,
			);
			name = ViewController_iPhone.xib;
			sourceTree = "<group>";
		};
		C9CDCE4916BA531200E17B23 /* ViewController_iPad.xib */ = {
			isa = PBXVariantGroup;
			children = (
				C9CDCE4A16BA531200E17B23 /* en */,
			);
			name = ViewController_iPad.xib;
			sourceTree = "<group>";
		};
/* End PBXVariantGroup section */

/* Begin XCBuildConfiguration section */
		C9CDCE4C16BA531200E17B23 /* Debug */ = {
			isa = XCBuildConfiguration;
			buildSettings = {
				ALWAYS_SEARCH_USER_PATHS = NO;
				CLANG_CXX_LANGUAGE_STANDARD = "gnu++0x";
				CLANG_CXX_LIBRARY = "libc++";
				CLANG_WARN_CONSTANT_CONVERSION = YES;
				CLANG_WARN_EMPTY_BODY = YES;
				CLANG_WARN_ENUM_CONVERSION = YES;
				CLANG_WARN_INT_CONVERSION = YES;
				CLANG_WARN__DUPLICATE_METHOD_MATCH = YES;
				"CODE_SIGN_IDENTITY[sdk=iphoneos*]" = "iPhone Developer";
				COPY_PHASE_STRIP = NO;
				GCC_C_LANGUAGE_STANDARD = gnu99;
				GCC_DYNAMIC_NO_PIC = NO;
				GCC_OPTIMIZATION_LEVEL = 0;
				GCC_PREPROCESSOR_DEFINITIONS = (
					"DEBUG=1",
					"$(inherited)",
				);
				GCC_SYMBOLS_PRIVATE_EXTERN = NO;
				GCC_WARN_ABOUT_RETURN_TYPE = YES;
				GCC_WARN_UNINITIALIZED_AUTOS = YES;
				GCC_WARN_UNUSED_VARIABLE = YES;
				IPHONEOS_DEPLOYMENT_TARGET = 6.1;
				ONLY_ACTIVE_ARCH = YES;
				SDKROOT = iphoneos;
				TARGETED_DEVICE_FAMILY = "1,2";
			};
			name = Debug;
		};
		C9CDCE4D16BA531200E17B23 /* Release */ = {
			isa = XCBuildConfiguration;
			buildSettings = {
				ALWAYS_SEARCH_USER_PATHS = NO;
				CLANG_CXX_LANGUAGE_STANDARD = "gnu++0x";
				CLANG_CXX_LIBRARY = "libc++";
				CLANG_WARN_CONSTANT_CONVERSION = YES;
				CLANG_WARN_EMPTY_BODY = YES;
				CLANG_WARN_ENUM_CONVERSION = YES;
				CLANG_WARN_INT_CONVERSION = YES;
				CLANG_WARN__DUPLICATE_METHOD_MATCH = YES;
				"CODE_SIGN_IDENTITY[sdk=iphoneos*]" = "iPhone Developer";
				COPY_PHASE_STRIP = YES;
				GCC_C_LANGUAGE_STANDARD = gnu99;
				GCC_WARN_ABOUT_RETURN_TYPE = YES;
				GCC_WARN_UNINITIALIZED_AUTOS = YES;
				GCC_WARN_UNUSED_VARIABLE = YES;
				IPHONEOS_DEPLOYMENT_TARGET = 6.1;
				OTHER_CFLAGS = "-DNS_BLOCK_ASSERTIONS=1";
				SDKROOT = iphoneos;
				TARGETED_DEVICE_FAMILY = "1,2";
				VALIDATE_PRODUCT = YES;
			};
			name = Release;
		};
		C9CDCE4F16BA531200E17B23 /* Debug */ = {
			isa = XCBuildConfiguration;
			buildSettings = {
				GCC_PRECOMPILE_PREFIX_HEADER = YES;
				GCC_PREFIX_HEADER = "iphone/iphone-Prefix.pch";
				INFOPLIST_FILE = "iphone/iphone-Info.plist";
				PRODUCT_NAME = "$(TARGET_NAME)";
				WRAPPER_EXTENSION = app;
			};
			name = Debug;
		};
		C9CDCE5016BA531200E17B23 /* Release */ = {
			isa = XCBuildConfiguration;
			buildSettings = {
				GCC_PRECOMPILE_PREFIX_HEADER = YES;
				GCC_PREFIX_HEADER = "iphone/iphone-Prefix.pch";
				INFOPLIST_FILE = "iphone/iphone-Info.plist";
				PRODUCT_NAME = "$(TARGET_NAME)";
				WRAPPER_EXTENSION = app;
			};
			name = Release;
		};
/* End XCBuildConfiguration section */

/* Begin XCConfigurationList section */
		C9CDCE2316BA531200E17B23 /* Build configuration list for PBXProject "iphone" */ = {
			isa = XCConfigurationList;
			buildConfigurations = (
				C9CDCE4C16BA531200E17B23 /* Debug */,
				C9CDCE4D16BA531200E17B23 /* Release */,
			);
			defaultConfigurationIsVisible = 0;
			defaultConfigurationName = Release;
		};
		C9CDCE4E16BA531200E17B23 /* Build configuration list for PBXNativeTarget "iphone" */ = {
			isa = XCConfigurationList;
			buildConfigurations = (
				C9CDCE4F16BA531200E17B23 /* Debug */,
				C9CDCE5016BA531200E17B23 /* Release */,
			);
			defaultConfigurationIsVisible = 0;
			defaultConfigurationName = Release;
		};
/* End XCConfigurationList section */
	};
	rootObject = C9CDCE2016BA531200E17B23 /* Project object */;
}
