// !$*UTF8*$!
{
	archiveVersion = 1;
	classes = {
	};
	objectVersion = 46;
	objects = {

/* Begin PBXBuildFile section */
		C92B105E16FABBF500131F59 /* MainStoryboard.storyboard in Resources */ = {isa = PBXBuildFile; fileRef = C92B105D16FABBF500131F59 /* MainStoryboard.storyboard */; };
		C92B106116FABEA900131F59 /* ViewController2.m in Sources */ = {isa = PBXBuildFile; fileRef = C92B106016FABEA900131F59 /* ViewController2.m */; };
		C92B106416FAE75C00131F59 /* ViewController3.m in Sources */ = {isa = PBXBuildFile; fileRef = C92B106316FAE75C00131F59 /* ViewController3.m */; };
		C939911517621771008B812E /* NEHPullRefreshViewController.m in Sources */ = {isa = PBXBuildFile; fileRef = C939911417621771008B812E /* NEHPullRefreshViewController.m */; };
		C939911E17621B5F008B812E /* EGORefreshTableHeaderView.m in Sources */ = {isa = PBXBuildFile; fileRef = C939911D17621B5F008B812E /* EGORefreshTableHeaderView.m */; };
		C939912017621DF2008B812E /* QuartzCore.framework in Frameworks */ = {isa = PBXBuildFile; fileRef = C939911F17621DF2008B812E /* QuartzCore.framework */; };
		C93991241762CCD2008B812E /* blueArrow.png in Resources */ = {isa = PBXBuildFile; fileRef = C93991221762CCD2008B812E /* blueArrow.png */; };
		C93991251762CCD2008B812E /* blueArrow@2x.png in Resources */ = {isa = PBXBuildFile; fileRef = C93991231762CCD2008B812E /* blueArrow@2x.png */; };
		C939912F17630538008B812E /* NEHPullRefresh.m in Sources */ = {isa = PBXBuildFile; fileRef = C939912E17630538008B812E /* NEHPullRefresh.m */; };
		C95881681761B5120023D191 /* NEHCommand.m in Sources */ = {isa = PBXBuildFile; fileRef = C958814A1761B5120023D191 /* NEHCommand.m */; };
		C95881691761B5120023D191 /* NEHHost.m in Sources */ = {isa = PBXBuildFile; fileRef = C958814C1761B5120023D191 /* NEHHost.m */; };
		C958816A1761B5120023D191 /* NEHHostManager.m in Sources */ = {isa = PBXBuildFile; fileRef = C958814E1761B5120023D191 /* NEHHostManager.m */; };
		C958816C1761B5120023D191 /* NEHURLProtocol.m in Sources */ = {isa = PBXBuildFile; fileRef = C95881521761B5120023D191 /* NEHURLProtocol.m */; };
		C958816D1761B5120023D191 /* NEHViewController.m in Sources */ = {isa = PBXBuildFile; fileRef = C95881541761B5120023D191 /* NEHViewController.m */; };
		C958816E1761B5120023D191 /* NEHArgument.m in Sources */ = {isa = PBXBuildFile; fileRef = C95881571761B5120023D191 /* NEHArgument.m */; };
		C958816F1761B5120023D191 /* NEHDevice.m in Sources */ = {isa = PBXBuildFile; fileRef = C95881591761B5120023D191 /* NEHDevice.m */; };
		C95881701761B5120023D191 /* NEHLog.m in Sources */ = {isa = PBXBuildFile; fileRef = C958815B1761B5120023D191 /* NEHLog.m */; };
		C95881711761B5120023D191 /* NEHModule.m in Sources */ = {isa = PBXBuildFile; fileRef = C958815D1761B5120023D191 /* NEHModule.m */; };
		C95881721761B5120023D191 /* NEHNavigation.m in Sources */ = {isa = PBXBuildFile; fileRef = C958815F1761B5120023D191 /* NEHNavigation.m */; };
		C95881731761B5120023D191 /* NEHNotification.m in Sources */ = {isa = PBXBuildFile; fileRef = C95881611761B5120023D191 /* NEHNotification.m */; };
		C95881741761B5120023D191 /* NEHResult.m in Sources */ = {isa = PBXBuildFile; fileRef = C95881631761B5120023D191 /* NEHResult.m */; };
		C95881751761B5120023D191 /* JSONKit.m in Sources */ = {isa = PBXBuildFile; fileRef = C95881671761B5120023D191 /* JSONKit.m */; };
		C9CDCE2C16BA531200E17B23 /* UIKit.framework in Frameworks */ = {isa = PBXBuildFile; fileRef = C9CDCE2B16BA531200E17B23 /* UIKit.framework */; };
		C9CDCE2E16BA531200E17B23 /* Foundation.framework in Frameworks */ = {isa = PBXBuildFile; fileRef = C9CDCE2D16BA531200E17B23 /* Foundation.framework */; };
		C9CDCE3016BA531200E17B23 /* CoreGraphics.framework in Frameworks */ = {isa = PBXBuildFile; fileRef = C9CDCE2F16BA531200E17B23 /* CoreGraphics.framework */; };
		C9CDCE3616BA531200E17B23 /* InfoPlist.strings in Resources */ = {isa = PBXBuildFile; fileRef = C9CDCE3416BA531200E17B23 /* InfoPlist.strings */; };
		C9CDCE3816BA531200E17B23 /* main.m in Sources */ = {isa = PBXBuildFile; fileRef = C9CDCE3716BA531200E17B23 /* main.m */; };
		C9CDCE3C16BA531200E17B23 /* AppDelegate.m in Sources */ = {isa = PBXBuildFile; fileRef = C9CDCE3B16BA531200E17B23 /* AppDelegate.m */; };
		C9CDCE3E16BA531200E17B23 /* Default.png in Resources */ = {isa = PBXBuildFile; fileRef = C9CDCE3D16BA531200E17B23 /* Default.png */; };
		C9CDCE4016BA531200E17B23 /* Default@2x.png in Resources */ = {isa = PBXBuildFile; fileRef = C9CDCE3F16BA531200E17B23 /* Default@2x.png */; };
		C9CDCE4216BA531200E17B23 /* Default-568h@2x.png in Resources */ = {isa = PBXBuildFile; fileRef = C9CDCE4116BA531200E17B23 /* Default-568h@2x.png */; };
		C9CDCE4516BA531200E17B23 /* ViewController.m in Sources */ = {isa = PBXBuildFile; fileRef = C9CDCE4416BA531200E17B23 /* ViewController.m */; };
		C9CDCE5E16BA544400E17B23 /* www in Resources */ = {isa = PBXBuildFile; fileRef = C9CDCE5D16BA544400E17B23 /* www */; };
/* End PBXBuildFile section */

/* Begin PBXFileReference section */
		C92B105D16FABBF500131F59 /* MainStoryboard.storyboard */ = {isa = PBXFileReference; fileEncoding = 4; lastKnownFileType = file.storyboard; path = MainStoryboard.storyboard; sourceTree = "<group>"; };
		C92B105F16FABEA900131F59 /* ViewController2.h */ = {isa = PBXFileReference; fileEncoding = 4; lastKnownFileType = sourcecode.c.h; path = ViewController2.h; sourceTree = "<group>"; };
		C92B106016FABEA900131F59 /* ViewController2.m */ = {isa = PBXFileReference; fileEncoding = 4; lastKnownFileType = sourcecode.c.objc; path = ViewController2.m; sourceTree = "<group>"; };
		C92B106216FAE75C00131F59 /* ViewController3.h */ = {isa = PBXFileReference; fileEncoding = 4; lastKnownFileType = sourcecode.c.h; path = ViewController3.h; sourceTree = "<group>"; };
		C92B106316FAE75C00131F59 /* ViewController3.m */ = {isa = PBXFileReference; fileEncoding = 4; lastKnownFileType = sourcecode.c.objc; path = ViewController3.m; sourceTree = "<group>"; };
		C939911317621771008B812E /* NEHPullRefreshViewController.h */ = {isa = PBXFileReference; fileEncoding = 4; lastKnownFileType = sourcecode.c.h; path = NEHPullRefreshViewController.h; sourceTree = "<group>"; };
		C939911417621771008B812E /* NEHPullRefreshViewController.m */ = {isa = PBXFileReference; fileEncoding = 4; lastKnownFileType = sourcecode.c.objc; path = NEHPullRefreshViewController.m; sourceTree = "<group>"; };
		C939911C17621B5F008B812E /* EGORefreshTableHeaderView.h */ = {isa = PBXFileReference; fileEncoding = 4; lastKnownFileType = sourcecode.c.h; path = EGORefreshTableHeaderView.h; sourceTree = "<group>"; };
		C939911D17621B5F008B812E /* EGORefreshTableHeaderView.m */ = {isa = PBXFileReference; fileEncoding = 4; lastKnownFileType = sourcecode.c.objc; path = EGORefreshTableHeaderView.m; sourceTree = "<group>"; };
		C939911F17621DF2008B812E /* QuartzCore.framework */ = {isa = PBXFileReference; lastKnownFileType = wrapper.framework; name = QuartzCore.framework; path = System/Library/Frameworks/QuartzCore.framework; sourceTree = SDKROOT; };
		C93991221762CCD2008B812E /* blueArrow.png */ = {isa = PBXFileReference; lastKnownFileType = image.png; path = blueArrow.png; sourceTree = "<group>"; };
		C93991231762CCD2008B812E /* blueArrow@2x.png */ = {isa = PBXFileReference; lastKnownFileType = image.png; path = "blueArrow@2x.png"; sourceTree = "<group>"; };
		C939912D17630538008B812E /* NEHPullRefresh.h */ = {isa = PBXFileReference; fileEncoding = 4; lastKnownFileType = sourcecode.c.h; path = NEHPullRefresh.h; sourceTree = "<group>"; };
		C939912E17630538008B812E /* NEHPullRefresh.m */ = {isa = PBXFileReference; fileEncoding = 4; lastKnownFileType = sourcecode.c.objc; path = NEHPullRefresh.m; sourceTree = "<group>"; };
		C95881491761B5120023D191 /* NEHCommand.h */ = {isa = PBXFileReference; fileEncoding = 4; lastKnownFileType = sourcecode.c.h; path = NEHCommand.h; sourceTree = "<group>"; };
		C958814A1761B5120023D191 /* NEHCommand.m */ = {isa = PBXFileReference; fileEncoding = 4; lastKnownFileType = sourcecode.c.objc; path = NEHCommand.m; sourceTree = "<group>"; };
		C958814B1761B5120023D191 /* NEHHost.h */ = {isa = PBXFileReference; fileEncoding = 4; lastKnownFileType = sourcecode.c.h; path = NEHHost.h; sourceTree = "<group>"; };
		C958814C1761B5120023D191 /* NEHHost.m */ = {isa = PBXFileReference; fileEncoding = 4; lastKnownFileType = sourcecode.c.objc; path = NEHHost.m; sourceTree = "<group>"; };
		C958814D1761B5120023D191 /* NEHHostManager.h */ = {isa = PBXFileReference; fileEncoding = 4; lastKnownFileType = sourcecode.c.h; path = NEHHostManager.h; sourceTree = "<group>"; };
		C958814E1761B5120023D191 /* NEHHostManager.m */ = {isa = PBXFileReference; fileEncoding = 4; lastKnownFileType = sourcecode.c.objc; path = NEHHostManager.m; sourceTree = "<group>"; };
		C95881511761B5120023D191 /* NEHURLProtocol.h */ = {isa = PBXFileReference; fileEncoding = 4; lastKnownFileType = sourcecode.c.h; path = NEHURLProtocol.h; sourceTree = "<group>"; };
		C95881521761B5120023D191 /* NEHURLProtocol.m */ = {isa = PBXFileReference; fileEncoding = 4; lastKnownFileType = sourcecode.c.objc; path = NEHURLProtocol.m; sourceTree = "<group>"; };
		C95881531761B5120023D191 /* NEHViewController.h */ = {isa = PBXFileReference; fileEncoding = 4; lastKnownFileType = sourcecode.c.h; path = NEHViewController.h; sourceTree = "<group>"; };
		C95881541761B5120023D191 /* NEHViewController.m */ = {isa = PBXFileReference; fileEncoding = 4; lastKnownFileType = sourcecode.c.objc; path = NEHViewController.m; sourceTree = "<group>"; };
		C95881561761B5120023D191 /* NEHArgument.h */ = {isa = PBXFileReference; fileEncoding = 4; lastKnownFileType = sourcecode.c.h; path = NEHArgument.h; sourceTree = "<group>"; };
		C95881571761B5120023D191 /* NEHArgument.m */ = {isa = PBXFileReference; fileEncoding = 4; lastKnownFileType = sourcecode.c.objc; path = NEHArgument.m; sourceTree = "<group>"; };
		C95881581761B5120023D191 /* NEHDevice.h */ = {isa = PBXFileReference; fileEncoding = 4; lastKnownFileType = sourcecode.c.h; path = NEHDevice.h; sourceTree = "<group>"; };
		C95881591761B5120023D191 /* NEHDevice.m */ = {isa = PBXFileReference; fileEncoding = 4; lastKnownFileType = sourcecode.c.objc; path = NEHDevice.m; sourceTree = "<group>"; };
		C958815A1761B5120023D191 /* NEHLog.h */ = {isa = PBXFileReference; fileEncoding = 4; lastKnownFileType = sourcecode.c.h; path = NEHLog.h; sourceTree = "<group>"; };
		C958815B1761B5120023D191 /* NEHLog.m */ = {isa = PBXFileReference; fileEncoding = 4; lastKnownFileType = sourcecode.c.objc; path = NEHLog.m; sourceTree = "<group>"; };
		C958815C1761B5120023D191 /* NEHModule.h */ = {isa = PBXFileReference; fileEncoding = 4; lastKnownFileType = sourcecode.c.h; path = NEHModule.h; sourceTree = "<group>"; };
		C958815D1761B5120023D191 /* NEHModule.m */ = {isa = PBXFileReference; fileEncoding = 4; lastKnownFileType = sourcecode.c.objc; path = NEHModule.m; sourceTree = "<group>"; };
		C958815E1761B5120023D191 /* NEHNavigation.h */ = {isa = PBXFileReference; fileEncoding = 4; lastKnownFileType = sourcecode.c.h; path = NEHNavigation.h; sourceTree = "<group>"; };
		C958815F1761B5120023D191 /* NEHNavigation.m */ = {isa = PBXFileReference; fileEncoding = 4; lastKnownFileType = sourcecode.c.objc; path = NEHNavigation.m; sourceTree = "<group>"; };
		C95881601761B5120023D191 /* NEHNotification.h */ = {isa = PBXFileReference; fileEncoding = 4; lastKnownFileType = sourcecode.c.h; path = NEHNotification.h; sourceTree = "<group>"; };
		C95881611761B5120023D191 /* NEHNotification.m */ = {isa = PBXFileReference; fileEncoding = 4; lastKnownFileType = sourcecode.c.objc; path = NEHNotification.m; sourceTree = "<group>"; };
		C95881621761B5120023D191 /* NEHResult.h */ = {isa = PBXFileReference; fileEncoding = 4; lastKnownFileType = sourcecode.c.h; path = NEHResult.h; sourceTree = "<group>"; };
		C95881631761B5120023D191 /* NEHResult.m */ = {isa = PBXFileReference; fileEncoding = 4; lastKnownFileType = sourcecode.c.objc; path = NEHResult.m; sourceTree = "<group>"; };
		C95881661761B5120023D191 /* JSONKit.h */ = {isa = PBXFileReference; fileEncoding = 4; lastKnownFileType = sourcecode.c.h; path = JSONKit.h; sourceTree = "<group>"; };
		C95881671761B5120023D191 /* JSONKit.m */ = {isa = PBXFileReference; fileEncoding = 4; lastKnownFileType = sourcecode.c.objc; path = JSONKit.m; sourceTree = "<group>"; };
		C9CDCE2816BA531200E17B23 /* iphone.app */ = {isa = PBXFileReference; explicitFileType = wrapper.application; includeInIndex = 0; path = iphone.app; sourceTree = BUILT_PRODUCTS_DIR; };
		C9CDCE2B16BA531200E17B23 /* UIKit.framework */ = {isa = PBXFileReference; lastKnownFileType = wrapper.framework; name = UIKit.framework; path = System/Library/Frameworks/UIKit.framework; sourceTree = SDKROOT; };
		C9CDCE2D16BA531200E17B23 /* Foundation.framework */ = {isa = PBXFileReference; lastKnownFileType = wrapper.framework; name = Foundation.framework; path = System/Library/Frameworks/Foundation.framework; sourceTree = SDKROOT; };
		C9CDCE2F16BA531200E17B23 /* CoreGraphics.framework */ = {isa = PBXFileReference; lastKnownFileType = wrapper.framework; name = CoreGraphics.framework; path = System/Library/Frameworks/CoreGraphics.framework; sourceTree = SDKROOT; };
		C9CDCE3316BA531200E17B23 /* iphone-Info.plist */ = {isa = PBXFileReference; lastKnownFileType = text.plist.xml; path = "iphone-Info.plist"; sourceTree = "<group>"; };
		C9CDCE3516BA531200E17B23 /* en */ = {isa = PBXFileReference; lastKnownFileType = text.plist.strings; name = en; path = en.lproj/InfoPlist.strings; sourceTree = "<group>"; };
		C9CDCE3716BA531200E17B23 /* main.m */ = {isa = PBXFileReference; lastKnownFileType = sourcecode.c.objc; path = main.m; sourceTree = "<group>"; };
		C9CDCE3916BA531200E17B23 /* iphone-Prefix.pch */ = {isa = PBXFileReference; lastKnownFileType = sourcecode.c.h; path = "iphone-Prefix.pch"; sourceTree = "<group>"; };
		C9CDCE3A16BA531200E17B23 /* AppDelegate.h */ = {isa = PBXFileReference; lastKnownFileType = sourcecode.c.h; path = AppDelegate.h; sourceTree = "<group>"; };
		C9CDCE3B16BA531200E17B23 /* AppDelegate.m */ = {isa = PBXFileReference; lastKnownFileType = sourcecode.c.objc; path = AppDelegate.m; sourceTree = "<group>"; };
		C9CDCE3D16BA531200E17B23 /* Default.png */ = {isa = PBXFileReference; lastKnownFileType = image.png; path = Default.png; sourceTree = "<group>"; };
		C9CDCE3F16BA531200E17B23 /* Default@2x.png */ = {isa = PBXFileReference; lastKnownFileType = image.png; path = "Default@2x.png"; sourceTree = "<group>"; };
		C9CDCE4116BA531200E17B23 /* Default-568h@2x.png */ = {isa = PBXFileReference; lastKnownFileType = image.png; path = "Default-568h@2x.png"; sourceTree = "<group>"; };
		C9CDCE4316BA531200E17B23 /* ViewController.h */ = {isa = PBXFileReference; lastKnownFileType = sourcecode.c.h; path = ViewController.h; sourceTree = "<group>"; };
		C9CDCE4416BA531200E17B23 /* ViewController.m */ = {isa = PBXFileReference; lastKnownFileType = sourcecode.c.objc; path = ViewController.m; sourceTree = "<group>"; };
		C9CDCE5D16BA544400E17B23 /* www */ = {isa = PBXFileReference; lastKnownFileType = folder; path = www; sourceTree = "<group>"; };
/* End PBXFileReference section */

/* Begin PBXFrameworksBuildPhase section */
		C9CDCE2516BA531200E17B23 /* Frameworks */ = {
			isa = PBXFrameworksBuildPhase;
			buildActionMask = 2147483647;
			files = (
				C939912017621DF2008B812E /* QuartzCore.framework in Frameworks */,
				C9CDCE2C16BA531200E17B23 /* UIKit.framework in Frameworks */,
				C9CDCE2E16BA531200E17B23 /* Foundation.framework in Frameworks */,
				C9CDCE3016BA531200E17B23 /* CoreGraphics.framework in Frameworks */,
			);
			runOnlyForDeploymentPostprocessing = 0;
		};
/* End PBXFrameworksBuildPhase section */

/* Begin PBXGroup section */
		C939911B17621B5F008B812E /* RefreshTableHeaderView */ = {
			isa = PBXGroup;
			children = (
				C939911C17621B5F008B812E /* EGORefreshTableHeaderView.h */,
				C939911D17621B5F008B812E /* EGORefreshTableHeaderView.m */,
			);
			path = RefreshTableHeaderView;
			sourceTree = "<group>";
		};
		C93991211762CCD2008B812E /* Resources */ = {
			isa = PBXGroup;
			children = (
				C93991221762CCD2008B812E /* blueArrow.png */,
				C93991231762CCD2008B812E /* blueArrow@2x.png */,
			);
			path = Resources;
			sourceTree = "<group>";
		};
		C95881471761B5120023D191 /* Classes */ = {
			isa = PBXGroup;
			children = (
				C93991211762CCD2008B812E /* Resources */,
				C95881481761B5120023D191 /* Base */,
				C95881551761B5120023D191 /* Modules */,
				C95881641761B5120023D191 /* Thirdparty */,
			);
			path = Classes;
			sourceTree = "<group>";
		};
		C95881481761B5120023D191 /* Base */ = {
			isa = PBXGroup;
			children = (
				C95881491761B5120023D191 /* NEHCommand.h */,
				C958814A1761B5120023D191 /* NEHCommand.m */,
				C958814B1761B5120023D191 /* NEHHost.h */,
				C958814C1761B5120023D191 /* NEHHost.m */,
				C958814D1761B5120023D191 /* NEHHostManager.h */,
				C958814E1761B5120023D191 /* NEHHostManager.m */,
				C95881511761B5120023D191 /* NEHURLProtocol.h */,
				C95881521761B5120023D191 /* NEHURLProtocol.m */,
				C95881531761B5120023D191 /* NEHViewController.h */,
				C95881541761B5120023D191 /* NEHViewController.m */,
				C939911317621771008B812E /* NEHPullRefreshViewController.h */,
				C939911417621771008B812E /* NEHPullRefreshViewController.m */,
			);
			path = Base;
			sourceTree = "<group>";
		};
		C95881551761B5120023D191 /* Modules */ = {
			isa = PBXGroup;
			children = (
				C95881561761B5120023D191 /* NEHArgument.h */,
				C95881571761B5120023D191 /* NEHArgument.m */,
				C95881581761B5120023D191 /* NEHDevice.h */,
				C95881591761B5120023D191 /* NEHDevice.m */,
				C958815A1761B5120023D191 /* NEHLog.h */,
				C958815B1761B5120023D191 /* NEHLog.m */,
				C958815C1761B5120023D191 /* NEHModule.h */,
				C958815D1761B5120023D191 /* NEHModule.m */,
				C958815E1761B5120023D191 /* NEHNavigation.h */,
				C958815F1761B5120023D191 /* NEHNavigation.m */,
				C95881601761B5120023D191 /* NEHNotification.h */,
				C95881611761B5120023D191 /* NEHNotification.m */,
				C95881621761B5120023D191 /* NEHResult.h */,
				C95881631761B5120023D191 /* NEHResult.m */,
				C939912D17630538008B812E /* NEHPullRefresh.h */,
				C939912E17630538008B812E /* NEHPullRefresh.m */,
			);
			path = Modules;
			sourceTree = "<group>";
		};
		C95881641761B5120023D191 /* Thirdparty */ = {
			isa = PBXGroup;
			children = (
				C939911B17621B5F008B812E /* RefreshTableHeaderView */,
				C95881651761B5120023D191 /* JSON */,
			);
			path = Thirdparty;
			sourceTree = "<group>";
		};
		C95881651761B5120023D191 /* JSON */ = {
			isa = PBXGroup;
			children = (
				C95881661761B5120023D191 /* JSONKit.h */,
				C95881671761B5120023D191 /* JSONKit.m */,
			);
			path = JSON;
			sourceTree = "<group>";
		};
		C9CDCE1F16BA531200E17B23 = {
			isa = PBXGroup;
			children = (
				C939911F17621DF2008B812E /* QuartzCore.framework */,
				C9CDCE5D16BA544400E17B23 /* www */,
				C95881471761B5120023D191 /* Classes */,
				C9CDCE3116BA531200E17B23 /* iphone */,
				C9CDCE2A16BA531200E17B23 /* Frameworks */,
				C9CDCE2916BA531200E17B23 /* Products */,
			);
			sourceTree = "<group>";
		};
		C9CDCE2916BA531200E17B23 /* Products */ = {
			isa = PBXGroup;
			children = (
				C9CDCE2816BA531200E17B23 /* iphone.app */,
			);
			name = Products;
			sourceTree = "<group>";
		};
		C9CDCE2A16BA531200E17B23 /* Frameworks */ = {
			isa = PBXGroup;
			children = (
				C9CDCE2B16BA531200E17B23 /* UIKit.framework */,
				C9CDCE2D16BA531200E17B23 /* Foundation.framework */,
				C9CDCE2F16BA531200E17B23 /* CoreGraphics.framework */,
			);
			name = Frameworks;
			sourceTree = "<group>";
		};
		C9CDCE3116BA531200E17B23 /* iphone */ = {
			isa = PBXGroup;
			children = (
				C9CDCE3A16BA531200E17B23 /* AppDelegate.h */,
				C9CDCE3B16BA531200E17B23 /* AppDelegate.m */,
				C9CDCE4316BA531200E17B23 /* ViewController.h */,
				C92B105D16FABBF500131F59 /* MainStoryboard.storyboard */,
				C9CDCE4416BA531200E17B23 /* ViewController.m */,
				C9CDCE3216BA531200E17B23 /* Supporting Files */,
				C92B105F16FABEA900131F59 /* ViewController2.h */,
				C92B106016FABEA900131F59 /* ViewController2.m */,
				C92B106216FAE75C00131F59 /* ViewController3.h */,
				C92B106316FAE75C00131F59 /* ViewController3.m */,
			);
			path = iphone;
			sourceTree = "<group>";
		};
		C9CDCE3216BA531200E17B23 /* Supporting Files */ = {
			isa = PBXGroup;
			children = (
				C9CDCE3316BA531200E17B23 /* iphone-Info.plist */,
				C9CDCE3416BA531200E17B23 /* InfoPlist.strings */,
				C9CDCE3716BA531200E17B23 /* main.m */,
				C9CDCE3916BA531200E17B23 /* iphone-Prefix.pch */,
				C9CDCE3D16BA531200E17B23 /* Default.png */,
				C9CDCE3F16BA531200E17B23 /* Default@2x.png */,
				C9CDCE4116BA531200E17B23 /* Default-568h@2x.png */,
			);
			name = "Supporting Files";
			sourceTree = "<group>";
		};
/* End PBXGroup section */

/* Begin PBXNativeTarget section */
		C9CDCE2716BA531200E17B23 /* iphone */ = {
			isa = PBXNativeTarget;
			buildConfigurationList = C9CDCE4E16BA531200E17B23 /* Build configuration list for PBXNativeTarget "iphone" */;
			buildPhases = (
				C9CDCE2416BA531200E17B23 /* Sources */,
				C9CDCE2516BA531200E17B23 /* Frameworks */,
				C9CDCE2616BA531200E17B23 /* Resources */,
			);
			buildRules = (
			);
			dependencies = (
			);
			name = iphone;
			productName = iphone;
			productReference = C9CDCE2816BA531200E17B23 /* iphone.app */;
			productType = "com.apple.product-type.application";
		};
/* End PBXNativeTarget section */

/* Begin PBXProject section */
		C9CDCE2016BA531200E17B23 /* Project object */ = {
			isa = PBXProject;
			attributes = {
				LastUpgradeCheck = 0460;
				ORGANIZATIONNAME = hxl;
			};
			buildConfigurationList = C9CDCE2316BA531200E17B23 /* Build configuration list for PBXProject "iphone" */;
			compatibilityVersion = "Xcode 3.2";
			developmentRegion = English;
			hasScannedForEncodings = 0;
			knownRegions = (
				en,
			);
			mainGroup = C9CDCE1F16BA531200E17B23;
			productRefGroup = C9CDCE2916BA531200E17B23 /* Products */;
			projectDirPath = "";
			projectRoot = "";
			targets = (
				C9CDCE2716BA531200E17B23 /* iphone */,
			);
		};
/* End PBXProject section */

/* Begin PBXResourcesBuildPhase section */
		C9CDCE2616BA531200E17B23 /* Resources */ = {
			isa = PBXResourcesBuildPhase;
			buildActionMask = 2147483647;
			files = (
				C9CDCE3616BA531200E17B23 /* InfoPlist.strings in Resources */,
				C9CDCE3E16BA531200E17B23 /* Default.png in Resources */,
				C9CDCE4016BA531200E17B23 /* Default@2x.png in Resources */,
				C9CDCE4216BA531200E17B23 /* Default-568h@2x.png in Resources */,
				C9CDCE5E16BA544400E17B23 /* www in Resources */,
				C92B105E16FABBF500131F59 /* MainStoryboard.storyboard in Resources */,
				C93991241762CCD2008B812E /* blueArrow.png in Resources */,
				C93991251762CCD2008B812E /* blueArrow@2x.png in Resources */,
			);
			runOnlyForDeploymentPostprocessing = 0;
		};
/* End PBXResourcesBuildPhase section */

/* Begin PBXSourcesBuildPhase section */
		C9CDCE2416BA531200E17B23 /* Sources */ = {
			isa = PBXSourcesBuildPhase;
			buildActionMask = 2147483647;
			files = (
				C9CDCE3816BA531200E17B23 /* main.m in Sources */,
				C9CDCE3C16BA531200E17B23 /* AppDelegate.m in Sources */,
				C9CDCE4516BA531200E17B23 /* ViewController.m in Sources */,
				C92B106116FABEA900131F59 /* ViewController2.m in Sources */,
				C92B106416FAE75C00131F59 /* ViewController3.m in Sources */,
				C95881681761B5120023D191 /* NEHCommand.m in Sources */,
				C95881691761B5120023D191 /* NEHHost.m in Sources */,
				C958816A1761B5120023D191 /* NEHHostManager.m in Sources */,
				C958816C1761B5120023D191 /* NEHURLProtocol.m in Sources */,
				C958816D1761B5120023D191 /* NEHViewController.m in Sources */,
				C958816E1761B5120023D191 /* NEHArgument.m in Sources */,
				C958816F1761B5120023D191 /* NEHDevice.m in Sources */,
				C95881701761B5120023D191 /* NEHLog.m in Sources */,
				C95881711761B5120023D191 /* NEHModule.m in Sources */,
				C95881721761B5120023D191 /* NEHNavigation.m in Sources */,
				C95881731761B5120023D191 /* NEHNotification.m in Sources */,
				C95881741761B5120023D191 /* NEHResult.m in Sources */,
				C95881751761B5120023D191 /* JSONKit.m in Sources */,
				C939911517621771008B812E /* NEHPullRefreshViewController.m in Sources */,
				C939911E17621B5F008B812E /* EGORefreshTableHeaderView.m in Sources */,
				C939912F17630538008B812E /* NEHPullRefresh.m in Sources */,
			);
			runOnlyForDeploymentPostprocessing = 0;
		};
/* End PBXSourcesBuildPhase section */

/* Begin PBXVariantGroup section */
		C9CDCE3416BA531200E17B23 /* InfoPlist.strings */ = {
			isa = PBXVariantGroup;
			children = (
				C9CDCE3516BA531200E17B23 /* en */,
			);
			name = InfoPlist.strings;
			sourceTree = "<group>";
		};
/* End PBXVariantGroup section */

/* Begin XCBuildConfiguration section */
		C9CDCE4C16BA531200E17B23 /* Debug */ = {
			isa = XCBuildConfiguration;
			buildSettings = {
				ALWAYS_SEARCH_USER_PATHS = NO;
				CLANG_CXX_LANGUAGE_STANDARD = "gnu++0x";
				CLANG_CXX_LIBRARY = "libc++";
				CLANG_WARN_CONSTANT_CONVERSION = YES;
				CLANG_WARN_EMPTY_BODY = YES;
				CLANG_WARN_ENUM_CONVERSION = YES;
				CLANG_WARN_INT_CONVERSION = YES;
				CLANG_WARN__DUPLICATE_METHOD_MATCH = YES;
				"CODE_SIGN_IDENTITY[sdk=iphoneos*]" = "iPhone Developer";
				COPY_PHASE_STRIP = NO;
				GCC_C_LANGUAGE_STANDARD = gnu99;
				GCC_DYNAMIC_NO_PIC = NO;
				GCC_OPTIMIZATION_LEVEL = 0;
				GCC_PREPROCESSOR_DEFINITIONS = (
					"DEBUG=1",
					"$(inherited)",
				);
				GCC_SYMBOLS_PRIVATE_EXTERN = NO;
				GCC_WARN_ABOUT_RETURN_TYPE = YES;
				GCC_WARN_UNINITIALIZED_AUTOS = YES;
				GCC_WARN_UNUSED_VARIABLE = YES;
				IPHONEOS_DEPLOYMENT_TARGET = 5.0;
				ONLY_ACTIVE_ARCH = YES;
				SDKROOT = iphoneos;
				TARGETED_DEVICE_FAMILY = "1,2";
			};
			name = Debug;
		};
		C9CDCE4D16BA531200E17B23 /* Release */ = {
			isa = XCBuildConfiguration;
			buildSettings = {
				ALWAYS_SEARCH_USER_PATHS = NO;
				CLANG_CXX_LANGUAGE_STANDARD = "gnu++0x";
				CLANG_CXX_LIBRARY = "libc++";
				CLANG_WARN_CONSTANT_CONVERSION = YES;
				CLANG_WARN_EMPTY_BODY = YES;
				CLANG_WARN_ENUM_CONVERSION = YES;
				CLANG_WARN_INT_CONVERSION = YES;
				CLANG_WARN__DUPLICATE_METHOD_MATCH = YES;
				"CODE_SIGN_IDENTITY[sdk=iphoneos*]" = "iPhone Developer";
				COPY_PHASE_STRIP = YES;
				GCC_C_LANGUAGE_STANDARD = gnu99;
				GCC_WARN_ABOUT_RETURN_TYPE = YES;
				GCC_WARN_UNINITIALIZED_AUTOS = YES;
				GCC_WARN_UNUSED_VARIABLE = YES;
				IPHONEOS_DEPLOYMENT_TARGET = 5.0;
				OTHER_CFLAGS = "-DNS_BLOCK_ASSERTIONS=1";
				SDKROOT = iphoneos;
				TARGETED_DEVICE_FAMILY = "1,2";
				VALIDATE_PRODUCT = YES;
			};
			name = Release;
		};
		C9CDCE4F16BA531200E17B23 /* Debug */ = {
			isa = XCBuildConfiguration;
			buildSettings = {
				GCC_PRECOMPILE_PREFIX_HEADER = YES;
				GCC_PREFIX_HEADER = "iphone/iphone-Prefix.pch";
				INFOPLIST_FILE = "iphone/iphone-Info.plist";
				IPHONEOS_DEPLOYMENT_TARGET = 5.0;
				PRODUCT_NAME = "$(TARGET_NAME)";
				WRAPPER_EXTENSION = app;
			};
			name = Debug;
		};
		C9CDCE5016BA531200E17B23 /* Release */ = {
			isa = XCBuildConfiguration;
			buildSettings = {
				GCC_PRECOMPILE_PREFIX_HEADER = YES;
				GCC_PREFIX_HEADER = "iphone/iphone-Prefix.pch";
				INFOPLIST_FILE = "iphone/iphone-Info.plist";
				IPHONEOS_DEPLOYMENT_TARGET = 5.0;
				PRODUCT_NAME = "$(TARGET_NAME)";
				WRAPPER_EXTENSION = app;
			};
			name = Release;
		};
/* End XCBuildConfiguration section */

/* Begin XCConfigurationList section */
		C9CDCE2316BA531200E17B23 /* Build configuration list for PBXProject "iphone" */ = {
			isa = XCConfigurationList;
			buildConfigurations = (
				C9CDCE4C16BA531200E17B23 /* Debug */,
				C9CDCE4D16BA531200E17B23 /* Release */,
			);
			defaultConfigurationIsVisible = 0;
			defaultConfigurationName = Release;
		};
		C9CDCE4E16BA531200E17B23 /* Build configuration list for PBXNativeTarget "iphone" */ = {
			isa = XCConfigurationList;
			buildConfigurations = (
				C9CDCE4F16BA531200E17B23 /* Debug */,
				C9CDCE5016BA531200E17B23 /* Release */,
			);
			defaultConfigurationIsVisible = 0;
			defaultConfigurationName = Release;
		};
/* End XCConfigurationList section */
	};
	rootObject = C9CDCE2016BA531200E17B23 /* Project object */;
}
