// !$*UTF8*$!
{
	archiveVersion = 1;
	classes = {
	};
	objectVersion = 46;
	objects = {

/* Begin PBXBuildFile section */
		C9C8F74616B9156F006742B0 /* UIKit.framework in Frameworks */ = {isa = PBXBuildFile; fileRef = C9C8F74516B9156F006742B0 /* UIKit.framework */; };
		C9C8F74816B9156F006742B0 /* Foundation.framework in Frameworks */ = {isa = PBXBuildFile; fileRef = C9C8F74716B9156F006742B0 /* Foundation.framework */; };
		C9C8F74A16B9156F006742B0 /* CoreGraphics.framework in Frameworks */ = {isa = PBXBuildFile; fileRef = C9C8F74916B9156F006742B0 /* CoreGraphics.framework */; };
		C9C8F75016B9156F006742B0 /* InfoPlist.strings in Resources */ = {isa = PBXBuildFile; fileRef = C9C8F74E16B9156F006742B0 /* InfoPlist.strings */; };
		C9C8F75216B9156F006742B0 /* main.m in Sources */ = {isa = PBXBuildFile; fileRef = C9C8F75116B9156F006742B0 /* main.m */; };
		C9C8F75616B9156F006742B0 /* AppDelegate.m in Sources */ = {isa = PBXBuildFile; fileRef = C9C8F75516B9156F006742B0 /* AppDelegate.m */; };
		C9C8F75816B9156F006742B0 /* Default.png in Resources */ = {isa = PBXBuildFile; fileRef = C9C8F75716B9156F006742B0 /* Default.png */; };
		C9C8F75A16B9156F006742B0 /* Default@2x.png in Resources */ = {isa = PBXBuildFile; fileRef = C9C8F75916B9156F006742B0 /* Default@2x.png */; };
		C9C8F75C16B9156F006742B0 /* Default-568h@2x.png in Resources */ = {isa = PBXBuildFile; fileRef = C9C8F75B16B9156F006742B0 /* Default-568h@2x.png */; };
		C9C8F75F16B9156F006742B0 /* ViewController.m in Sources */ = {isa = PBXBuildFile; fileRef = C9C8F75E16B9156F006742B0 /* ViewController.m */; };
		C9C8F76216B9156F006742B0 /* ViewController.xib in Resources */ = {isa = PBXBuildFile; fileRef = C9C8F76016B9156F006742B0 /* ViewController.xib */; };
/* End PBXBuildFile section */

/* Begin PBXFileReference section */
		C9C8F74216B9156F006742B0 /* neh.app */ = {isa = PBXFileReference; explicitFileType = wrapper.application; includeInIndex = 0; path = neh.app; sourceTree = BUILT_PRODUCTS_DIR; };
		C9C8F74516B9156F006742B0 /* UIKit.framework */ = {isa = PBXFileReference; lastKnownFileType = wrapper.framework; name = UIKit.framework; path = System/Library/Frameworks/UIKit.framework; sourceTree = SDKROOT; };
		C9C8F74716B9156F006742B0 /* Foundation.framework */ = {isa = PBXFileReference; lastKnownFileType = wrapper.framework; name = Foundation.framework; path = System/Library/Frameworks/Foundation.framework; sourceTree = SDKROOT; };
		C9C8F74916B9156F006742B0 /* CoreGraphics.framework */ = {isa = PBXFileReference; lastKnownFileType = wrapper.framework; name = CoreGraphics.framework; path = System/Library/Frameworks/CoreGraphics.framework; sourceTree = SDKROOT; };
		C9C8F74D16B9156F006742B0 /* neh-Info.plist */ = {isa = PBXFileReference; lastKnownFileType = text.plist.xml; path = "neh-Info.plist"; sourceTree = "<group>"; };
		C9C8F74F16B9156F006742B0 /* en */ = {isa = PBXFileReference; lastKnownFileType = text.plist.strings; name = en; path = en.lproj/InfoPlist.strings; sourceTree = "<group>"; };
		C9C8F75116B9156F006742B0 /* main.m */ = {isa = PBXFileReference; lastKnownFileType = sourcecode.c.objc; path = main.m; sourceTree = "<group>"; };
		C9C8F75316B9156F006742B0 /* neh-Prefix.pch */ = {isa = PBXFileReference; lastKnownFileType = sourcecode.c.h; path = "neh-Prefix.pch"; sourceTree = "<group>"; };
		C9C8F75416B9156F006742B0 /* AppDelegate.h */ = {isa = PBXFileReference; lastKnownFileType = sourcecode.c.h; path = AppDelegate.h; sourceTree = "<group>"; };
		C9C8F75516B9156F006742B0 /* AppDelegate.m */ = {isa = PBXFileReference; lastKnownFileType = sourcecode.c.objc; path = AppDelegate.m; sourceTree = "<group>"; };
		C9C8F75716B9156F006742B0 /* Default.png */ = {isa = PBXFileReference; lastKnownFileType = image.png; path = Default.png; sourceTree = "<group>"; };
		C9C8F75916B9156F006742B0 /* Default@2x.png */ = {isa = PBXFileReference; lastKnownFileType = image.png; path = "Default@2x.png"; sourceTree = "<group>"; };
		C9C8F75B16B9156F006742B0 /* Default-568h@2x.png */ = {isa = PBXFileReference; lastKnownFileType = image.png; path = "Default-568h@2x.png"; sourceTree = "<group>"; };
		C9C8F75D16B9156F006742B0 /* ViewController.h */ = {isa = PBXFileReference; lastKnownFileType = sourcecode.c.h; path = ViewController.h; sourceTree = "<group>"; };
		C9C8F75E16B9156F006742B0 /* ViewController.m */ = {isa = PBXFileReference; lastKnownFileType = sourcecode.c.objc; path = ViewController.m; sourceTree = "<group>"; };
		C9C8F76116B9156F006742B0 /* en */ = {isa = PBXFileReference; lastKnownFileType = file.xib; name = en; path = en.lproj/ViewController.xib; sourceTree = "<group>"; };
/* End PBXFileReference section */

/* Begin PBXFrameworksBuildPhase section */
		C9C8F73F16B9156F006742B0 /* Frameworks */ = {
			isa = PBXFrameworksBuildPhase;
			buildActionMask = 2147483647;
			files = (
				C9C8F74616B9156F006742B0 /* UIKit.framework in Frameworks */,
				C9C8F74816B9156F006742B0 /* Foundation.framework in Frameworks */,
				C9C8F74A16B9156F006742B0 /* CoreGraphics.framework in Frameworks */,
			);
			runOnlyForDeploymentPostprocessing = 0;
		};
/* End PBXFrameworksBuildPhase section */

/* Begin PBXGroup section */
		C9C8F73916B9156F006742B0 = {
			isa = PBXGroup;
			children = (
				C9C8F74B16B9156F006742B0 /* neh */,
				C9C8F74416B9156F006742B0 /* Frameworks */,
				C9C8F74316B9156F006742B0 /* Products */,
			);
			sourceTree = "<group>";
		};
		C9C8F74316B9156F006742B0 /* Products */ = {
			isa = PBXGroup;
			children = (
				C9C8F74216B9156F006742B0 /* neh.app */,
			);
			name = Products;
			sourceTree = "<group>";
		};
		C9C8F74416B9156F006742B0 /* Frameworks */ = {
			isa = PBXGroup;
			children = (
				C9C8F74516B9156F006742B0 /* UIKit.framework */,
				C9C8F74716B9156F006742B0 /* Foundation.framework */,
				C9C8F74916B9156F006742B0 /* CoreGraphics.framework */,
			);
			name = Frameworks;
			sourceTree = "<group>";
		};
		C9C8F74B16B9156F006742B0 /* neh */ = {
			isa = PBXGroup;
			children = (
				C9C8F75416B9156F006742B0 /* AppDelegate.h */,
				C9C8F75516B9156F006742B0 /* AppDelegate.m */,
				C9C8F75D16B9156F006742B0 /* ViewController.h */,
				C9C8F75E16B9156F006742B0 /* ViewController.m */,
				C9C8F76016B9156F006742B0 /* ViewController.xib */,
				C9C8F74C16B9156F006742B0 /* Supporting Files */,
			);
			path = neh;
			sourceTree = "<group>";
		};
		C9C8F74C16B9156F006742B0 /* Supporting Files */ = {
			isa = PBXGroup;
			children = (
				C9C8F74D16B9156F006742B0 /* neh-Info.plist */,
				C9C8F74E16B9156F006742B0 /* InfoPlist.strings */,
				C9C8F75116B9156F006742B0 /* main.m */,
				C9C8F75316B9156F006742B0 /* neh-Prefix.pch */,
				C9C8F75716B9156F006742B0 /* Default.png */,
				C9C8F75916B9156F006742B0 /* Default@2x.png */,
				C9C8F75B16B9156F006742B0 /* Default-568h@2x.png */,
			);
			name = "Supporting Files";
			sourceTree = "<group>";
		};
/* End PBXGroup section */

/* Begin PBXNativeTarget section */
		C9C8F74116B9156F006742B0 /* neh */ = {
			isa = PBXNativeTarget;
			buildConfigurationList = C9C8F76516B9156F006742B0 /* Build configuration list for PBXNativeTarget "neh" */;
			buildPhases = (
				C9C8F73E16B9156F006742B0 /* Sources */,
				C9C8F73F16B9156F006742B0 /* Frameworks */,
				C9C8F74016B9156F006742B0 /* Resources */,
			);
			buildRules = (
			);
			dependencies = (
			);
			name = neh;
			productName = neh;
			productReference = C9C8F74216B9156F006742B0 /* neh.app */;
			productType = "com.apple.product-type.application";
		};
/* End PBXNativeTarget section */

/* Begin PBXProject section */
		C9C8F73A16B9156F006742B0 /* Project object */ = {
			isa = PBXProject;
			attributes = {
				LastUpgradeCheck = 0460;
				ORGANIZATIONNAME = hxl;
			};
			buildConfigurationList = C9C8F73D16B9156F006742B0 /* Build configuration list for PBXProject "neh" */;
			compatibilityVersion = "Xcode 3.2";
			developmentRegion = English;
			hasScannedForEncodings = 0;
			knownRegions = (
				en,
			);
			mainGroup = C9C8F73916B9156F006742B0;
			productRefGroup = C9C8F74316B9156F006742B0 /* Products */;
			projectDirPath = "";
			projectRoot = "";
			targets = (
				C9C8F74116B9156F006742B0 /* neh */,
			);
		};
/* End PBXProject section */

/* Begin PBXResourcesBuildPhase section */
		C9C8F74016B9156F006742B0 /* Resources */ = {
			isa = PBXResourcesBuildPhase;
			buildActionMask = 2147483647;
			files = (
				C9C8F75016B9156F006742B0 /* InfoPlist.strings in Resources */,
				C9C8F75816B9156F006742B0 /* Default.png in Resources */,
				C9C8F75A16B9156F006742B0 /* Default@2x.png in Resources */,
				C9C8F75C16B9156F006742B0 /* Default-568h@2x.png in Resources */,
				C9C8F76216B9156F006742B0 /* ViewController.xib in Resources */,
			);
			runOnlyForDeploymentPostprocessing = 0;
		};
/* End PBXResourcesBuildPhase section */

/* Begin PBXSourcesBuildPhase section */
		C9C8F73E16B9156F006742B0 /* Sources */ = {
			isa = PBXSourcesBuildPhase;
			buildActionMask = 2147483647;
			files = (
				C9C8F75216B9156F006742B0 /* main.m in Sources */,
				C9C8F75616B9156F006742B0 /* AppDelegate.m in Sources */,
				C9C8F75F16B9156F006742B0 /* ViewController.m in Sources */,
			);
			runOnlyForDeploymentPostprocessing = 0;
		};
/* End PBXSourcesBuildPhase section */

/* Begin PBXVariantGroup section */
		C9C8F74E16B9156F006742B0 /* InfoPlist.strings */ = {
			isa = PBXVariantGroup;
			children = (
				C9C8F74F16B9156F006742B0 /* en */,
			);
			name = InfoPlist.strings;
			sourceTree = "<group>";
		};
		C9C8F76016B9156F006742B0 /* ViewController.xib */ = {
			isa = PBXVariantGroup;
			children = (
				C9C8F76116B9156F006742B0 /* en */,
			);
			name = ViewController.xib;
			sourceTree = "<group>";
		};
/* End PBXVariantGroup section */

/* Begin XCBuildConfiguration section */
		C9C8F76316B9156F006742B0 /* Debug */ = {
			isa = XCBuildConfiguration;
			buildSettings = {
				ALWAYS_SEARCH_USER_PATHS = NO;
				CLANG_CXX_LANGUAGE_STANDARD = "gnu++0x";
				CLANG_CXX_LIBRARY = "libc++";
				CLANG_WARN_CONSTANT_CONVERSION = YES;
				CLANG_WARN_EMPTY_BODY = YES;
				CLANG_WARN_ENUM_CONVERSION = YES;
				CLANG_WARN_INT_CONVERSION = YES;
				CLANG_WARN__DUPLICATE_METHOD_MATCH = YES;
				"CODE_SIGN_IDENTITY[sdk=iphoneos*]" = "iPhone Developer";
				COPY_PHASE_STRIP = NO;
				GCC_C_LANGUAGE_STANDARD = gnu99;
				GCC_DYNAMIC_NO_PIC = NO;
				GCC_OPTIMIZATION_LEVEL = 0;
				GCC_PREPROCESSOR_DEFINITIONS = (
					"DEBUG=1",
					"$(inherited)",
				);
				GCC_SYMBOLS_PRIVATE_EXTERN = NO;
				GCC_WARN_ABOUT_RETURN_TYPE = YES;
				GCC_WARN_UNINITIALIZED_AUTOS = YES;
				GCC_WARN_UNUSED_VARIABLE = YES;
				IPHONEOS_DEPLOYMENT_TARGET = 6.1;
				ONLY_ACTIVE_ARCH = YES;
				SDKROOT = iphoneos;
			};
			name = Debug;
		};
		C9C8F76416B9156F006742B0 /* Release */ = {
			isa = XCBuildConfiguration;
			buildSettings = {
				ALWAYS_SEARCH_USER_PATHS = NO;
				CLANG_CXX_LANGUAGE_STANDARD = "gnu++0x";
				CLANG_CXX_LIBRARY = "libc++";
				CLANG_WARN_CONSTANT_CONVERSION = YES;
				CLANG_WARN_EMPTY_BODY = YES;
				CLANG_WARN_ENUM_CONVERSION = YES;
				CLANG_WARN_INT_CONVERSION = YES;
				CLANG_WARN__DUPLICATE_METHOD_MATCH = YES;
				"CODE_SIGN_IDENTITY[sdk=iphoneos*]" = "iPhone Developer";
				COPY_PHASE_STRIP = YES;
				GCC_C_LANGUAGE_STANDARD = gnu99;
				GCC_WARN_ABOUT_RETURN_TYPE = YES;
				GCC_WARN_UNINITIALIZED_AUTOS = YES;
				GCC_WARN_UNUSED_VARIABLE = YES;
				IPHONEOS_DEPLOYMENT_TARGET = 6.1;
				OTHER_CFLAGS = "-DNS_BLOCK_ASSERTIONS=1";
				SDKROOT = iphoneos;
				VALIDATE_PRODUCT = YES;
			};
			name = Release;
		};
		C9C8F76616B9156F006742B0 /* Debug */ = {
			isa = XCBuildConfiguration;
			buildSettings = {
				GCC_PRECOMPILE_PREFIX_HEADER = YES;
				GCC_PREFIX_HEADER = "neh/neh-Prefix.pch";
				INFOPLIST_FILE = "neh/neh-Info.plist";
				PRODUCT_NAME = "$(TARGET_NAME)";
				WRAPPER_EXTENSION = app;
			};
			name = Debug;
		};
		C9C8F76716B9156F006742B0 /* Release */ = {
			isa = XCBuildConfiguration;
			buildSettings = {
				GCC_PRECOMPILE_PREFIX_HEADER = YES;
				GCC_PREFIX_HEADER = "neh/neh-Prefix.pch";
				INFOPLIST_FILE = "neh/neh-Info.plist";
				PRODUCT_NAME = "$(TARGET_NAME)";
				WRAPPER_EXTENSION = app;
			};
			name = Release;
		};
/* End XCBuildConfiguration section */

/* Begin XCConfigurationList section */
		C9C8F73D16B9156F006742B0 /* Build configuration list for PBXProject "neh" */ = {
			isa = XCConfigurationList;
			buildConfigurations = (
				C9C8F76316B9156F006742B0 /* Debug */,
				C9C8F76416B9156F006742B0 /* Release */,
			);
			defaultConfigurationIsVisible = 0;
			defaultConfigurationName = Release;
		};
		C9C8F76516B9156F006742B0 /* Build configuration list for PBXNativeTarget "neh" */ = {
			isa = XCConfigurationList;
			buildConfigurations = (
				C9C8F76616B9156F006742B0 /* Debug */,
				C9C8F76716B9156F006742B0 /* Release */,
			);
			defaultConfigurationIsVisible = 0;
		};
/* End XCConfigurationList section */
	};
	rootObject = C9C8F73A16B9156F006742B0 /* Project object */;
}
